
Microsoft Visual Studio Solution File, Format Version 12.00
# Visual Studio Version 16
VisualStudioVersion = 16.0.31112.23
MinimumVisualStudioVersion = 10.0.40219.1
Project("{FAE04EC0-301F-11D3-BF4B-00C04F79EFBC}") = "OperacionesBasicas", "OperacionesBasicas\OperacionesBasicas.csproj", "{20519E5C-8E47-423B-80C4-0F3F7DA5C279}"
EndProject
Global
	GlobalSection(SolutionConfigurationPlatforms) = preSolution
		Debug|Any CPU = Debug|Any CPU
		Release|Any CPU = Release|Any CPU
	EndGlobalSection
	GlobalSection(ProjectConfigurationPlatforms) = postSolution
		{20519E5C-8E47-423B-80C4-0F3F7DA5C279}.Debug|Any CPU.ActiveCfg = Debug|Any CPU
		{20519E5C-8E47-423B-80C4-0F3F7DA5C279}.Debug|Any CPU.Build.0 = Debug|Any CPU
		{20519E5C-8E47-423B-80C4-0F3F7DA5C279}.Release|Any CPU.ActiveCfg = Release|Any CPU
		{20519E5C-8E47-423B-80C4-0F3F7DA5C279}.Release|Any CPU.Build.0 = Release|Any CPU
	EndGlobalSection
	GlobalSection(SolutionProperties) = preSolution
		HideSolutionNode = FALSE
	EndGlobalSection
	GlobalSection(ExtensibilityGlobals) = postSolution
		SolutionGuid = {21AB70FF-FACA-47C9-9AC4-A3CE0E741A8E}
	EndGlobalSection
EndGlobal
