
Microsoft Visual Studio Solution File, Format Version 12.00
# Visual Studio Version 16
VisualStudioVersion = 16.0.31112.23
MinimumVisualStudioVersion = 10.0.40219.1
Project("{FAE04EC0-301F-11D3-BF4B-00C04F79EFBC}") = "PromedioCalificaciones", "PromedioCalificaciones\PromedioCalificaciones.csproj", "{E232DFC9-0998-44BA-8945-5C581209178E}"
EndProject
Global
	GlobalSection(SolutionConfigurationPlatforms) = preSolution
		Debug|Any CPU = Debug|Any CPU
		Release|Any CPU = Release|Any CPU
	EndGlobalSection
	GlobalSection(ProjectConfigurationPlatforms) = postSolution
		{E232DFC9-0998-44BA-8945-5C581209178E}.Debug|Any CPU.ActiveCfg = Debug|Any CPU
		{E232DFC9-0998-44BA-8945-5C581209178E}.Debug|Any CPU.Build.0 = Debug|Any CPU
		{E232DFC9-0998-44BA-8945-5C581209178E}.Release|Any CPU.ActiveCfg = Release|Any CPU
		{E232DFC9-0998-44BA-8945-5C581209178E}.Release|Any CPU.Build.0 = Release|Any CPU
	EndGlobalSection
	GlobalSection(SolutionProperties) = preSolution
		HideSolutionNode = FALSE
	EndGlobalSection
	GlobalSection(ExtensibilityGlobals) = postSolution
		SolutionGuid = {F4FB1915-4B47-4834-A072-93E7D099D079}
	EndGlobalSection
EndGlobal
