
Microsoft Visual Studio Solution File, Format Version 12.00
# Visual Studio Version 16
VisualStudioVersion = 16.0.31112.23
MinimumVisualStudioVersion = 10.0.40219.1
Project("{FAE04EC0-301F-11D3-BF4B-00C04F79EFBC}") = "SentenciasDeControl", "SentenciasDeControl\SentenciasDeControl.csproj", "{5205E558-911B-4FB9-9F70-57EDB0A3800C}"
EndProject
Global
	GlobalSection(SolutionConfigurationPlatforms) = preSolution
		Debug|Any CPU = Debug|Any CPU
		Release|Any CPU = Release|Any CPU
	EndGlobalSection
	GlobalSection(ProjectConfigurationPlatforms) = postSolution
		{5205E558-911B-4FB9-9F70-57EDB0A3800C}.Debug|Any CPU.ActiveCfg = Debug|Any CPU
		{5205E558-911B-4FB9-9F70-57EDB0A3800C}.Debug|Any CPU.Build.0 = Debug|Any CPU
		{5205E558-911B-4FB9-9F70-57EDB0A3800C}.Release|Any CPU.ActiveCfg = Release|Any CPU
		{5205E558-911B-4FB9-9F70-57EDB0A3800C}.Release|Any CPU.Build.0 = Release|Any CPU
	EndGlobalSection
	GlobalSection(SolutionProperties) = preSolution
		HideSolutionNode = FALSE
	EndGlobalSection
	GlobalSection(ExtensibilityGlobals) = postSolution
		SolutionGuid = {4578817C-2412-41C3-AD9A-F0EFA6EEF42E}
	EndGlobalSection
EndGlobal
