
Microsoft Visual Studio Solution File, Format Version 12.00
# Visual Studio Version 16
VisualStudioVersion = 16.0.31112.23
MinimumVisualStudioVersion = 10.0.40219.1
Project("{FAE04EC0-301F-11D3-BF4B-00C04F79EFBC}") = "Arreglo_2D", "Arreglo_2D\Arreglo_2D.csproj", "{2447A922-14AD-4E39-944A-0B17992D1B34}"
EndProject
Global
	GlobalSection(SolutionConfigurationPlatforms) = preSolution
		Debug|Any CPU = Debug|Any CPU
		Release|Any CPU = Release|Any CPU
	EndGlobalSection
	GlobalSection(ProjectConfigurationPlatforms) = postSolution
		{2447A922-14AD-4E39-944A-0B17992D1B34}.Debug|Any CPU.ActiveCfg = Debug|Any CPU
		{2447A922-14AD-4E39-944A-0B17992D1B34}.Debug|Any CPU.Build.0 = Debug|Any CPU
		{2447A922-14AD-4E39-944A-0B17992D1B34}.Release|Any CPU.ActiveCfg = Release|Any CPU
		{2447A922-14AD-4E39-944A-0B17992D1B34}.Release|Any CPU.Build.0 = Release|Any CPU
	EndGlobalSection
	GlobalSection(SolutionProperties) = preSolution
		HideSolutionNode = FALSE
	EndGlobalSection
	GlobalSection(ExtensibilityGlobals) = postSolution
		SolutionGuid = {62FF9385-D381-466D-87A2-0B6913A7960A}
	EndGlobalSection
EndGlobal
